
Microsoft Visual Studio Solution File, Format Version 11.00
# Visual Studio 2010 Express for Windows Phone
Project("{FAE04EC0-301F-11D3-BF4B-00C04F79EFBC}") = "SourceAFIS.Mobile", "SourceAFIS\SourceAFIS.Mobile.csproj", "{E52CBF23-F4CB-4979-B6B2-99E0B6414DCD}"
EndProject
Global
	GlobalSection(SolutionConfigurationPlatforms) = preSolution
		Debug|Any CPU = Debug|Any CPU
		Release|Any CPU = Release|Any CPU
	EndGlobalSection
	GlobalSection(ProjectConfigurationPlatforms) = postSolution
		{E52CBF23-F4CB-4979-B6B2-99E0B6414DCD}.Debug|Any CPU.ActiveCfg = Debug Mobile|Any CPU
		{E52CBF23-F4CB-4979-B6B2-99E0B6414DCD}.Debug|Any CPU.Build.0 = Debug Mobile|Any CPU
		{E52CBF23-F4CB-4979-B6B2-99E0B6414DCD}.Release|Any CPU.ActiveCfg = Release Mobile|Any CPU
		{E52CBF23-F4CB-4979-B6B2-99E0B6414DCD}.Release|Any CPU.Build.0 = Release Mobile|Any CPU
	EndGlobalSection
	GlobalSection(SolutionProperties) = preSolution
		HideSolutionNode = FALSE
	EndGlobalSection
EndGlobal
