
Microsoft Visual Studio Solution File, Format Version 11.00
# Visual Studio 2010
Project("{FAE04EC0-301F-11D3-BF4B-00C04F79EFBC}") = "SourceAFIS", "SourceAFIS\SourceAFIS.csproj", "{35075900-98B2-4F73-A8FE-11E0D2182689}"
EndProject
Project("{FAE04EC0-301F-11D3-BF4B-00C04F79EFBC}") = "SourceAFIS.Tests", "SourceAFIS.Tests\SourceAFIS.Tests.csproj", "{21B0CCCA-0239-4C01-BC3D-FF34EE0E3EDB}"
EndProject
Global
	GlobalSection(SolutionConfigurationPlatforms) = preSolution
		Debug|Any CPU = Debug|Any CPU
		Release|Any CPU = Release|Any CPU
	EndGlobalSection
	GlobalSection(ProjectConfigurationPlatforms) = postSolution
		{21B0CCCA-0239-4C01-BC3D-FF34EE0E3EDB}.Debug|Any CPU.ActiveCfg = Debug|Any CPU
		{21B0CCCA-0239-4C01-BC3D-FF34EE0E3EDB}.Debug|Any CPU.Build.0 = Debug|Any CPU
		{21B0CCCA-0239-4C01-BC3D-FF34EE0E3EDB}.Release|Any CPU.ActiveCfg = Release|Any CPU
		{21B0CCCA-0239-4C01-BC3D-FF34EE0E3EDB}.Release|Any CPU.Build.0 = Release|Any CPU
		{35075900-98B2-4F73-A8FE-11E0D2182689}.Debug|Any CPU.ActiveCfg = Debug|Any CPU
		{35075900-98B2-4F73-A8FE-11E0D2182689}.Debug|Any CPU.Build.0 = Debug|Any CPU
		{35075900-98B2-4F73-A8FE-11E0D2182689}.Release|Any CPU.ActiveCfg = Release|Any CPU
		{35075900-98B2-4F73-A8FE-11E0D2182689}.Release|Any CPU.Build.0 = Release|Any CPU
	EndGlobalSection
	GlobalSection(MonoDevelopProperties) = preSolution
		StartupItem = SourceAFIS.Tests\SourceAFIS.Tests.csproj
		Policies = $0
		$0.TextStylePolicy = $1
		$1.FileWidth = 120
		$1.RemoveTrailingWhitespace = False
		$1.EolMarker = Windows
		$1.inheritsSet = VisualStudio
		$1.inheritsScope = text/plain
	EndGlobalSection
	GlobalSection(SolutionProperties) = preSolution
		HideSolutionNode = FALSE
	EndGlobalSection
EndGlobal
