
Microsoft Visual Studio Solution File, Format Version 12.00
# Visual Studio 15
VisualStudioVersion = 15.0.26124.0
MinimumVisualStudioVersion = 15.0.26124.0
Project("{FAE04EC0-301F-11D3-BF4B-00C04F79EFBC}") = "SourceAFIS", "SourceAFIS\SourceAFIS.csproj", "{6DE4C146-58A8-40EB-A8E0-05EED5479453}"
EndProject
Project("{FAE04EC0-301F-11D3-BF4B-00C04F79EFBC}") = "SourceAFIS.Tests", "SourceAFIS.Tests\SourceAFIS.Tests.csproj", "{44D59240-80F0-4DB8-BA7F-233E7AAF01ED}"
EndProject
Global
	GlobalSection(SolutionConfigurationPlatforms) = preSolution
		Debug|Any CPU = Debug|Any CPU
		Release|Any CPU = Release|Any CPU
	EndGlobalSection
	GlobalSection(SolutionProperties) = preSolution
		HideSolutionNode = FALSE
	EndGlobalSection
	GlobalSection(ProjectConfigurationPlatforms) = postSolution
		{6DE4C146-58A8-40EB-A8E0-05EED5479453}.Debug|Any CPU.ActiveCfg = Debug|Any CPU
		{6DE4C146-58A8-40EB-A8E0-05EED5479453}.Debug|Any CPU.Build.0 = Debug|Any CPU
		{6DE4C146-58A8-40EB-A8E0-05EED5479453}.Release|Any CPU.ActiveCfg = Release|Any CPU
		{6DE4C146-58A8-40EB-A8E0-05EED5479453}.Release|Any CPU.Build.0 = Release|Any CPU
		{44D59240-80F0-4DB8-BA7F-233E7AAF01ED}.Debug|Any CPU.ActiveCfg = Debug|Any CPU
		{44D59240-80F0-4DB8-BA7F-233E7AAF01ED}.Debug|Any CPU.Build.0 = Debug|Any CPU
		{44D59240-80F0-4DB8-BA7F-233E7AAF01ED}.Release|Any CPU.ActiveCfg = Release|Any CPU
		{44D59240-80F0-4DB8-BA7F-233E7AAF01ED}.Release|Any CPU.Build.0 = Release|Any CPU
	EndGlobalSection
EndGlobal
