
Microsoft Visual Studio Solution File, Format Version 11.00
# Visual Studio 2010
Project("{FAE04EC0-301F-11D3-BF4B-00C04F79EFBC}") = "DatabaseAnalyzer", "DatabaseAnalyzer\DatabaseAnalyzer.csproj", "{55566F34-65E7-49D0-BA8C-FAD2B161BF5F}"
EndProject
Project("{FAE04EC0-301F-11D3-BF4B-00C04F79EFBC}") = "AfisBuilder", "AfisBuilder\AfisBuilder.csproj", "{E00C20B7-B464-4F34-9A84-2DA29E6DCD3F}"
EndProject
Project("{FAE04EC0-301F-11D3-BF4B-00C04F79EFBC}") = "SourceAFIS.Mono", "SourceAFIS\SourceAFIS.Mono.csproj", "{35075900-98B2-4F73-A8FE-11E0D2182689}"
EndProject
Project("{FAE04EC0-301F-11D3-BF4B-00C04F79EFBC}") = "SourceAFIS.Tuning.Mono", "SourceAFIS.Tuning\SourceAFIS.Tuning.Mono.csproj", "{7DD4AD3F-2836-4187-A6E7-D271F13F943E}"
EndProject
Global
	GlobalSection(SolutionConfigurationPlatforms) = preSolution
		Debug|Any CPU = Debug|Any CPU
		Release|Any CPU = Release|Any CPU
	EndGlobalSection
	GlobalSection(ProjectConfigurationPlatforms) = postSolution
		{35075900-98B2-4F73-A8FE-11E0D2182689}.Debug|Any CPU.ActiveCfg = Debug|Any CPU
		{35075900-98B2-4F73-A8FE-11E0D2182689}.Debug|Any CPU.Build.0 = Debug|Any CPU
		{35075900-98B2-4F73-A8FE-11E0D2182689}.Release|Any CPU.ActiveCfg = Release|Any CPU
		{35075900-98B2-4F73-A8FE-11E0D2182689}.Release|Any CPU.Build.0 = Release|Any CPU
		{55566F34-65E7-49D0-BA8C-FAD2B161BF5F}.Debug|Any CPU.ActiveCfg = Debug|Any CPU
		{55566F34-65E7-49D0-BA8C-FAD2B161BF5F}.Debug|Any CPU.Build.0 = Debug|Any CPU
		{55566F34-65E7-49D0-BA8C-FAD2B161BF5F}.Release|Any CPU.ActiveCfg = Release|Any CPU
		{55566F34-65E7-49D0-BA8C-FAD2B161BF5F}.Release|Any CPU.Build.0 = Release|Any CPU
		{7DD4AD3F-2836-4187-A6E7-D271F13F943E}.Debug|Any CPU.ActiveCfg = Debug|Any CPU
		{7DD4AD3F-2836-4187-A6E7-D271F13F943E}.Debug|Any CPU.Build.0 = Debug|Any CPU
		{7DD4AD3F-2836-4187-A6E7-D271F13F943E}.Release|Any CPU.ActiveCfg = Release|Any CPU
		{7DD4AD3F-2836-4187-A6E7-D271F13F943E}.Release|Any CPU.Build.0 = Release|Any CPU
		{E00C20B7-B464-4F34-9A84-2DA29E6DCD3F}.Debug|Any CPU.ActiveCfg = Debug|Any CPU
		{E00C20B7-B464-4F34-9A84-2DA29E6DCD3F}.Debug|Any CPU.Build.0 = Debug|Any CPU
		{E00C20B7-B464-4F34-9A84-2DA29E6DCD3F}.Release|Any CPU.ActiveCfg = Release|Any CPU
		{E00C20B7-B464-4F34-9A84-2DA29E6DCD3F}.Release|Any CPU.Build.0 = Release|Any CPU
	EndGlobalSection
	GlobalSection(MonoDevelopProperties) = preSolution
		StartupItem = DatabaseAnalyzer\DatabaseAnalyzer.csproj
		Policies = $0
		$0.TextStylePolicy = $1
		$1.FileWidth = 120
		$1.EolMarker = Windows
		$1.inheritsSet = VisualStudio
		$1.inheritsScope = text/plain
	EndGlobalSection
	GlobalSection(SolutionProperties) = preSolution
		HideSolutionNode = FALSE
	EndGlobalSection
EndGlobal
