Microsoft Visual Studio Solution File, Format Version 12.00
Project("{c2089935-fa78-511c-9971-4a28c3117e4f}") = "SourceAFIS", "SourceAFIS/SourceAFIS.csproj", "{c2089935-fa78-511c-9971-4a28c3117e4f}"
EndProject
Project("{987abc63-f974-59a2-bca4-ec4ec4f57dd2}") = "SourceAFIS.Tests", "SourceAFIS.Tests/SourceAFIS.Tests.csproj", "{987abc63-f974-59a2-bca4-ec4ec4f57dd2}"
EndProject
Global
    GlobalSection(SolutionConfigurationPlatforms) = preSolution
        Debug|Any CPU = Debug|Any CPU
        Release|Any CPU = Release|Any CPU
    EndGlobalSection
    GlobalSection(ProjectConfigurationPlatforms) = postSolution
        {c2089935-fa78-511c-9971-4a28c3117e4f}.Debug|Any CPU.ActiveCfg = Debug|Any CPU
        {c2089935-fa78-511c-9971-4a28c3117e4f}.Debug|Any CPU.Build.0 = Debug|Any CPU
        {c2089935-fa78-511c-9971-4a28c3117e4f}.Release|Any CPU.ActiveCfg = Release|Any CPU
        {c2089935-fa78-511c-9971-4a28c3117e4f}.Release|Any CPU.Build.0 = Release|Any CPU
        {987abc63-f974-59a2-bca4-ec4ec4f57dd2}.Debug|Any CPU.ActiveCfg = Debug|Any CPU
        {987abc63-f974-59a2-bca4-ec4ec4f57dd2}.Debug|Any CPU.Build.0 = Debug|Any CPU
        {987abc63-f974-59a2-bca4-ec4ec4f57dd2}.Release|Any CPU.ActiveCfg = Release|Any CPU
        {987abc63-f974-59a2-bca4-ec4ec4f57dd2}.Release|Any CPU.Build.0 = Release|Any CPU
    EndGlobalSection
EndGlobal
